# THIS IS AN AUTOGENERATED FILE. DO NOT EDIT THIS FILE DIRECTLY.
# yarn lockfile v1


"@bower_components/angular-ui-router@angular-ui/angular-ui-router-bower#~0.3.1":
  version "0.3.2"
  resolved "https://codeload.github.com/angular-ui/angular-ui-router-bower/tar.gz/c1989bcd4185a0f5e206646b267024f45a905c06"
  dependencies:
    angular "^1.0.8"

"@bower_components/angular@angular/bower-angular#~1.5.7":
  version "1.5.11"
  resolved "https://codeload.github.com/angular/bower-angular/tar.gz/0f57428c3ffe2f486264ab7fbee3968dccc7b720"

"@bower_components/bootstrap@twbs/bootstrap#~3.3.6":
  version "3.3.7"
  resolved "https://codeload.github.com/twbs/bootstrap/tar.gz/0b9c4a4007c44201dce9a6cc1a38407005c26c86"

"@bower_components/jquery@jquery/jquery-dist#1.9.1 - 2":
  version "2.2.4"
  resolved "https://codeload.github.com/jquery/jquery-dist/tar.gz/c0185ab7c75aab88762c5aae780b9d83b80eda72"

angular@^1.0.8:
  version "1.7.2"
  resolved "https://registry.yarnpkg.com/angular/-/angular-1.7.2.tgz#687b955dbe5c533f8d73460461707af00360251f"
